// !$*UTF8*$!
{
	archiveVersion = 1;
	classes = {
	};
	objectVersion = 55;
	objects = {

/* Begin PBXBuildFile section */
		721FFB7E27596388003E8738 /* Main.swift in Sources */ = {isa = PBXBuildFile; fileRef = 721FFB7D27596387003E8738 /* Main.swift */; };
		7249F7EF2755691D00A1D559 /* SideBarMenu.swift in Sources */ = {isa = PBXBuildFile; fileRef = 7249F7EE2755691D00A1D559 /* SideBarMenu.swift */; };
		72973388275554EF00C81A72 /* Home.swift in Sources */ = {isa = PBXBuildFile; fileRef = 72973387275554EF00C81A72 /* Home.swift */; };
		7297338A275556FA00C81A72 /* Settings.swift in Sources */ = {isa = PBXBuildFile; fileRef = 72973389275556FA00C81A72 /* Settings.swift */; };
		7297338C2755597300C81A72 /* Profile.swift in Sources */ = {isa = PBXBuildFile; fileRef = 7297338B2755597300C81A72 /* Profile.swift */; };
		7297338E27555B8C00C81A72 /* ListView.swift in Sources */ = {isa = PBXBuildFile; fileRef = 7297338D27555B8C00C81A72 /* ListView.swift */; };
		7297339027555C9400C81A72 /* Info.swift in Sources */ = {isa = PBXBuildFile; fileRef = 7297338F27555C9400C81A72 /* Info.swift */; };
		7297339227555CA000C81A72 /* Help.swift in Sources */ = {isa = PBXBuildFile; fileRef = 7297339127555CA000C81A72 /* Help.swift */; };
		729B3F4D274D73F40052C165 /* LostForm.swift in Sources */ = {isa = PBXBuildFile; fileRef = 729B3F4C274D73F40052C165 /* LostForm.swift */; };
		729B3F4F274D73FE0052C165 /* FoundForm.swift in Sources */ = {isa = PBXBuildFile; fileRef = 729B3F4E274D73FE0052C165 /* FoundForm.swift */; };
		729B3F51274D7F620052C165 /* AAA.mp3 in Resources */ = {isa = PBXBuildFile; fileRef = 729B3F50274D7F620052C165 /* AAA.mp3 */; };
		729B3F53274D849E0052C165 /* Forms.swift in Sources */ = {isa = PBXBuildFile; fileRef = 729B3F52274D849E0052C165 /* Forms.swift */; };
		72CB7E6D273B133700A10A0F /* PetRescueAppApp.swift in Sources */ = {isa = PBXBuildFile; fileRef = 72CB7E6C273B133700A10A0F /* PetRescueAppApp.swift */; };
		72CB7E71273B133A00A10A0F /* Assets.xcassets in Resources */ = {isa = PBXBuildFile; fileRef = 72CB7E70273B133A00A10A0F /* Assets.xcassets */; };
		72CB7E74273B133A00A10A0F /* Preview Assets.xcassets in Resources */ = {isa = PBXBuildFile; fileRef = 72CB7E73273B133A00A10A0F /* Preview Assets.xcassets */; };
/* End PBXBuildFile section */

/* Begin PBXFileReference section */
		721FFB7D27596387003E8738 /* Main.swift */ = {isa = PBXFileReference; lastKnownFileType = sourcecode.swift; path = Main.swift; sourceTree = "<group>"; };
		7249F7EE2755691D00A1D559 /* SideBarMenu.swift */ = {isa = PBXFileReference; lastKnownFileType = sourcecode.swift; path = SideBarMenu.swift; sourceTree = "<group>"; };
		72973387275554EF00C81A72 /* Home.swift */ = {isa = PBXFileReference; lastKnownFileType = sourcecode.swift; path = Home.swift; sourceTree = "<group>"; };
		72973389275556FA00C81A72 /* Settings.swift */ = {isa = PBXFileReference; lastKnownFileType = sourcecode.swift; path = Settings.swift; sourceTree = "<group>"; };
		7297338B2755597300C81A72 /* Profile.swift */ = {isa = PBXFileReference; lastKnownFileType = sourcecode.swift; path = Profile.swift; sourceTree = "<group>"; };
		7297338D27555B8C00C81A72 /* ListView.swift */ = {isa = PBXFileReference; lastKnownFileType = sourcecode.swift; path = ListView.swift; sourceTree = "<group>"; };
		7297338F27555C9400C81A72 /* Info.swift */ = {isa = PBXFileReference; lastKnownFileType = sourcecode.swift; path = Info.swift; sourceTree = "<group>"; };
		7297339127555CA000C81A72 /* Help.swift */ = {isa = PBXFileReference; lastKnownFileType = sourcecode.swift; path = Help.swift; sourceTree = "<group>"; };
		729B3F4C274D73F40052C165 /* LostForm.swift */ = {isa = PBXFileReference; lastKnownFileType = sourcecode.swift; path = LostForm.swift; sourceTree = "<group>"; };
		729B3F4E274D73FE0052C165 /* FoundForm.swift */ = {isa = PBXFileReference; lastKnownFileType = sourcecode.swift; path = FoundForm.swift; sourceTree = "<group>"; };
		729B3F50274D7F620052C165 /* AAA.mp3 */ = {isa = PBXFileReference; lastKnownFileType = audio.mp3; path = AAA.mp3; sourceTree = "<group>"; };
		729B3F52274D849E0052C165 /* Forms.swift */ = {isa = PBXFileReference; lastKnownFileType = sourcecode.swift; path = Forms.swift; sourceTree = "<group>"; };
		72CB7E69273B133700A10A0F /* PetRescueApp.app */ = {isa = PBXFileReference; explicitFileType = wrapper.application; includeInIndex = 0; path = PetRescueApp.app; sourceTree = BUILT_PRODUCTS_DIR; };
		72CB7E6C273B133700A10A0F /* PetRescueAppApp.swift */ = {isa = PBXFileReference; lastKnownFileType = sourcecode.swift; path = PetRescueAppApp.swift; sourceTree = "<group>"; };
		72CB7E70273B133A00A10A0F /* Assets.xcassets */ = {isa = PBXFileReference; lastKnownFileType = folder.assetcatalog; path = Assets.xcassets; sourceTree = "<group>"; };
		72CB7E73273B133A00A10A0F /* Preview Assets.xcassets */ = {isa = PBXFileReference; lastKnownFileType = folder.assetcatalog; path = "Preview Assets.xcassets"; sourceTree = "<group>"; };
/* End PBXFileReference section */

/* Begin PBXFrameworksBuildPhase section */
		72CB7E66273B133700A10A0F /* Frameworks */ = {
			isa = PBXFrameworksBuildPhase;
			buildActionMask = 2147483647;
			files = (
			);
			runOnlyForDeploymentPostprocessing = 0;
		};
/* End PBXFrameworksBuildPhase section */

/* Begin PBXGroup section */
		72CB7E60273B133700A10A0F = {
			isa = PBXGroup;
			children = (
				729B3F50274D7F620052C165 /* AAA.mp3 */,
				72CB7E6B273B133700A10A0F /* PetRescueApp */,
				72CB7E6A273B133700A10A0F /* Products */,
			);
			sourceTree = "<group>";
		};
		72CB7E6A273B133700A10A0F /* Products */ = {
			isa = PBXGroup;
			children = (
				72CB7E69273B133700A10A0F /* PetRescueApp.app */,
			);
			name = Products;
			sourceTree = "<group>";
		};
		72CB7E6B273B133700A10A0F /* PetRescueApp */ = {
			isa = PBXGroup;
			children = (
				72CB7E6C273B133700A10A0F /* PetRescueAppApp.swift */,
				721FFB7D27596387003E8738 /* Main.swift */,
				7249F7EE2755691D00A1D559 /* SideBarMenu.swift */,
				72973387275554EF00C81A72 /* Home.swift */,
				7297338B2755597300C81A72 /* Profile.swift */,
				729B3F52274D849E0052C165 /* Forms.swift */,
				7297338D27555B8C00C81A72 /* ListView.swift */,
				72973389275556FA00C81A72 /* Settings.swift */,
				7297339127555CA000C81A72 /* Help.swift */,
				7297338F27555C9400C81A72 /* Info.swift */,
				729B3F4C274D73F40052C165 /* LostForm.swift */,
				729B3F4E274D73FE0052C165 /* FoundForm.swift */,
				72CB7E70273B133A00A10A0F /* Assets.xcassets */,
				72CB7E72273B133A00A10A0F /* Preview Content */,
			);
			path = PetRescueApp;
			sourceTree = "<group>";
		};
		72CB7E72273B133A00A10A0F /* Preview Content */ = {
			isa = PBXGroup;
			children = (
				72CB7E73273B133A00A10A0F /* Preview Assets.xcassets */,
			);
			path = "Preview Content";
			sourceTree = "<group>";
		};
/* End PBXGroup section */

/* Begin PBXNativeTarget section */
		72CB7E68273B133700A10A0F /* PetRescueApp */ = {
			isa = PBXNativeTarget;
			buildConfigurationList = 72CB7E77273B133A00A10A0F /* Build configuration list for PBXNativeTarget "PetRescueApp" */;
			buildPhases = (
				72CB7E65273B133700A10A0F /* Sources */,
				72CB7E66273B133700A10A0F /* Frameworks */,
				72CB7E67273B133700A10A0F /* Resources */,
			);
			buildRules = (
			);
			dependencies = (
			);
			name = PetRescueApp;
			productName = PetRescueApp;
			productReference = 72CB7E69273B133700A10A0F /* PetRescueApp.app */;
			productType = "com.apple.product-type.application";
		};
/* End PBXNativeTarget section */

/* Begin PBXProject section */
		72CB7E61273B133700A10A0F /* Project object */ = {
			isa = PBXProject;
			attributes = {
				BuildIndependentTargetsInParallel = 1;
				LastSwiftUpdateCheck = 1300;
				LastUpgradeCheck = 1300;
				TargetAttributes = {
					72CB7E68273B133700A10A0F = {
						CreatedOnToolsVersion = 13.0;
					};
				};
			};
			buildConfigurationList = 72CB7E64273B133700A10A0F /* Build configuration list for PBXProject "PetRescueApp" */;
			compatibilityVersion = "Xcode 13.0";
			developmentRegion = en;
			hasScannedForEncodings = 0;
			knownRegions = (
				en,
				Base,
			);
			mainGroup = 72CB7E60273B133700A10A0F;
			productRefGroup = 72CB7E6A273B133700A10A0F /* Products */;
			projectDirPath = "";
			projectRoot = "";
			targets = (
				72CB7E68273B133700A10A0F /* PetRescueApp */,
			);
		};
/* End PBXProject section */

/* Begin PBXResourcesBuildPhase section */
		72CB7E67273B133700A10A0F /* Resources */ = {
			isa = PBXResourcesBuildPhase;
			buildActionMask = 2147483647;
			files = (
				72CB7E74273B133A00A10A0F /* Preview Assets.xcassets in Resources */,
				72CB7E71273B133A00A10A0F /* Assets.xcassets in Resources */,
				729B3F51274D7F620052C165 /* AAA.mp3 in Resources */,
			);
			runOnlyForDeploymentPostprocessing = 0;
		};
/* End PBXResourcesBuildPhase section */

/* Begin PBXSourcesBuildPhase section */
		72CB7E65273B133700A10A0F /* Sources */ = {
			isa = PBXSourcesBuildPhase;
			buildActionMask = 2147483647;
			files = (
				7297338C2755597300C81A72 /* Profile.swift in Sources */,
				729B3F53274D849E0052C165 /* Forms.swift in Sources */,
				7297339027555C9400C81A72 /* Info.swift in Sources */,
				72CB7E6D273B133700A10A0F /* PetRescueAppApp.swift in Sources */,
				7297339227555CA000C81A72 /* Help.swift in Sources */,
				721FFB7E27596388003E8738 /* Main.swift in Sources */,
				729B3F4F274D73FE0052C165 /* FoundForm.swift in Sources */,
				7249F7EF2755691D00A1D559 /* SideBarMenu.swift in Sources */,
				7297338A275556FA00C81A72 /* Settings.swift in Sources */,
				72973388275554EF00C81A72 /* Home.swift in Sources */,
				729B3F4D274D73F40052C165 /* LostForm.swift in Sources */,
				7297338E27555B8C00C81A72 /* ListView.swift in Sources */,
			);
			runOnlyForDeploymentPostprocessing = 0;
		};
/* End PBXSourcesBuildPhase section */

/* Begin XCBuildConfiguration section */
		72CB7E75273B133A00A10A0F /* Debug */ = {
			isa = XCBuildConfiguration;
			buildSettings = {
				ALWAYS_SEARCH_USER_PATHS = NO;
				CLANG_ANALYZER_NONNULL = YES;
				CLANG_ANALYZER_NUMBER_OBJECT_CONVERSION = YES_AGGRESSIVE;
				CLANG_CXX_LANGUAGE_STANDARD = "gnu++17";
				CLANG_CXX_LIBRARY = "libc++";
				CLANG_ENABLE_MODULES = YES;
				CLANG_ENABLE_OBJC_ARC = YES;
				CLANG_ENABLE_OBJC_WEAK = YES;
				CLANG_WARN_BLOCK_CAPTURE_AUTORELEASING = YES;
				CLANG_WARN_BOOL_CONVERSION = YES;
				CLANG_WARN_COMMA = YES;
				CLANG_WARN_CONSTANT_CONVERSION = YES;
				CLANG_WARN_DEPRECATED_OBJC_IMPLEMENTATIONS = YES;
				CLANG_WARN_DIRECT_OBJC_ISA_USAGE = YES_ERROR;
				CLANG_WARN_DOCUMENTATION_COMMENTS = YES;
				CLANG_WARN_EMPTY_BODY = YES;
				CLANG_WARN_ENUM_CONVERSION = YES;
				CLANG_WARN_INFINITE_RECURSION = YES;
				CLANG_WARN_INT_CONVERSION = YES;
				CLANG_WARN_NON_LITERAL_NULL_CONVERSION = YES;
				CLANG_WARN_OBJC_IMPLICIT_RETAIN_SELF = YES;
				CLANG_WARN_OBJC_LITERAL_CONVERSION = YES;
				CLANG_WARN_OBJC_ROOT_CLASS = YES_ERROR;
				CLANG_WARN_QUOTED_INCLUDE_IN_FRAMEWORK_HEADER = YES;
				CLANG_WARN_RANGE_LOOP_ANALYSIS = YES;
				CLANG_WARN_STRICT_PROTOTYPES = YES;
				CLANG_WARN_SUSPICIOUS_MOVE = YES;
				CLANG_WARN_UNGUARDED_AVAILABILITY = YES_AGGRESSIVE;
				CLANG_WARN_UNREACHABLE_CODE = YES;
				CLANG_WARN__DUPLICATE_METHOD_MATCH = YES;
				COPY_PHASE_STRIP = NO;
				DEBUG_INFORMATION_FORMAT = dwarf;
				ENABLE_STRICT_OBJC_MSGSEND = YES;
				ENABLE_TESTABILITY = YES;
				GCC_C_LANGUAGE_STANDARD = gnu11;
				GCC_DYNAMIC_NO_PIC = NO;
				GCC_NO_COMMON_BLOCKS = YES;
				GCC_OPTIMIZATION_LEVEL = 0;
				GCC_PREPROCESSOR_DEFINITIONS = (
					"DEBUG=1",
					"$(inherited)",
				);
				GCC_WARN_64_TO_32_BIT_CONVERSION = YES;
				GCC_WARN_ABOUT_RETURN_TYPE = YES_ERROR;
				GCC_WARN_UNDECLARED_SELECTOR = YES;
				GCC_WARN_UNINITIALIZED_AUTOS = YES_AGGRESSIVE;
				GCC_WARN_UNUSED_FUNCTION = YES;
				GCC_WARN_UNUSED_VARIABLE = YES;
				IPHONEOS_DEPLOYMENT_TARGET = 15.0;
				MTL_ENABLE_DEBUG_INFO = INCLUDE_SOURCE;
				MTL_FAST_MATH = YES;
				ONLY_ACTIVE_ARCH = YES;
				SDKROOT = iphoneos;
				SWIFT_ACTIVE_COMPILATION_CONDITIONS = DEBUG;
				SWIFT_OPTIMIZATION_LEVEL = "-Onone";
			};
			name = Debug;
		};
		72CB7E76273B133A00A10A0F /* Release */ = {
			isa = XCBuildConfiguration;
			buildSettings = {
				ALWAYS_SEARCH_USER_PATHS = NO;
				CLANG_ANALYZER_NONNULL = YES;
				CLANG_ANALYZER_NUMBER_OBJECT_CONVERSION = YES_AGGRESSIVE;
				CLANG_CXX_LANGUAGE_STANDARD = "gnu++17";
				CLANG_CXX_LIBRARY = "libc++";
				CLANG_ENABLE_MODULES = YES;
				CLANG_ENABLE_OBJC_ARC = YES;
				CLANG_ENABLE_OBJC_WEAK = YES;
				CLANG_WARN_BLOCK_CAPTURE_AUTORELEASING = YES;
				CLANG_WARN_BOOL_CONVERSION = YES;
				CLANG_WARN_COMMA = YES;
				CLANG_WARN_CONSTANT_CONVERSION = YES;
				CLANG_WARN_DEPRECATED_OBJC_IMPLEMENTATIONS = YES;
				CLANG_WARN_DIRECT_OBJC_ISA_USAGE = YES_ERROR;
				CLANG_WARN_DOCUMENTATION_COMMENTS = YES;
				CLANG_WARN_EMPTY_BODY = YES;
				CLANG_WARN_ENUM_CONVERSION = YES;
				CLANG_WARN_INFINITE_RECURSION = YES;
				CLANG_WARN_INT_CONVERSION = YES;
				CLANG_WARN_NON_LITERAL_NULL_CONVERSION = YES;
				CLANG_WARN_OBJC_IMPLICIT_RETAIN_SELF = YES;
				CLANG_WARN_OBJC_LITERAL_CONVERSION = YES;
				CLANG_WARN_OBJC_ROOT_CLASS = YES_ERROR;
				CLANG_WARN_QUOTED_INCLUDE_IN_FRAMEWORK_HEADER = YES;
				CLANG_WARN_RANGE_LOOP_ANALYSIS = YES;
				CLANG_WARN_STRICT_PROTOTYPES = YES;
				CLANG_WARN_SUSPICIOUS_MOVE = YES;
				CLANG_WARN_UNGUARDED_AVAILABILITY = YES_AGGRESSIVE;
				CLANG_WARN_UNREACHABLE_CODE = YES;
				CLANG_WARN__DUPLICATE_METHOD_MATCH = YES;
				COPY_PHASE_STRIP = NO;
				DEBUG_INFORMATION_FORMAT = "dwarf-with-dsym";
				ENABLE_NS_ASSERTIONS = NO;
				ENABLE_STRICT_OBJC_MSGSEND = YES;
				GCC_C_LANGUAGE_STANDARD = gnu11;
				GCC_NO_COMMON_BLOCKS = YES;
				GCC_WARN_64_TO_32_BIT_CONVERSION = YES;
				GCC_WARN_ABOUT_RETURN_TYPE = YES_ERROR;
				GCC_WARN_UNDECLARED_SELECTOR = YES;
				GCC_WARN_UNINITIALIZED_AUTOS = YES_AGGRESSIVE;
				GCC_WARN_UNUSED_FUNCTION = YES;
				GCC_WARN_UNUSED_VARIABLE = YES;
				IPHONEOS_DEPLOYMENT_TARGET = 15.0;
				MTL_ENABLE_DEBUG_INFO = NO;
				MTL_FAST_MATH = YES;
				SDKROOT = iphoneos;
				SWIFT_COMPILATION_MODE = wholemodule;
				SWIFT_OPTIMIZATION_LEVEL = "-O";
				VALIDATE_PRODUCT = YES;
			};
			name = Release;
		};
		72CB7E78273B133A00A10A0F /* Debug */ = {
			isa = XCBuildConfiguration;
			buildSettings = {
				ASSETCATALOG_COMPILER_APPICON_NAME = AppIcon;
				ASSETCATALOG_COMPILER_GLOBAL_ACCENT_COLOR_NAME = AccentColor;
				CODE_SIGN_STYLE = Automatic;
				CURRENT_PROJECT_VERSION = 1;
				DEVELOPMENT_ASSET_PATHS = "\"PetRescueApp/Preview Content\"";
				DEVELOPMENT_TEAM = 77VKG5JXX8;
				ENABLE_PREVIEWS = YES;
				GENERATE_INFOPLIST_FILE = YES;
				INFOPLIST_KEY_UIApplicationSceneManifest_Generation = YES;
				INFOPLIST_KEY_UIApplicationSupportsIndirectInputEvents = YES;
				INFOPLIST_KEY_UILaunchScreen_Generation = YES;
				INFOPLIST_KEY_UISupportedInterfaceOrientations_iPad = "UIInterfaceOrientationPortrait UIInterfaceOrientationPortraitUpsideDown UIInterfaceOrientationLandscapeLeft UIInterfaceOrientationLandscapeRight";
				INFOPLIST_KEY_UISupportedInterfaceOrientations_iPhone = "UIInterfaceOrientationPortrait UIInterfaceOrientationLandscapeLeft UIInterfaceOrientationLandscapeRight";
				IPHONEOS_DEPLOYMENT_TARGET = 14.0;
				LD_RUNPATH_SEARCH_PATHS = (
					"$(inherited)",
					"@executable_path/Frameworks",
				);
				MARKETING_VERSION = 1.0;
				PRODUCT_BUNDLE_IDENTIFIER = E.PetRescueApp;
				PRODUCT_NAME = "$(TARGET_NAME)";
				SWIFT_EMIT_LOC_STRINGS = YES;
				SWIFT_VERSION = 5.0;
				TARGETED_DEVICE_FAMILY = "1,2";
			};
			name = Debug;
		};
		72CB7E79273B133A00A10A0F /* Release */ = {
			isa = XCBuildConfiguration;
			buildSettings = {
				ASSETCATALOG_COMPILER_APPICON_NAME = AppIcon;
				ASSETCATALOG_COMPILER_GLOBAL_ACCENT_COLOR_NAME = AccentColor;
				CODE_SIGN_STYLE = Automatic;
				CURRENT_PROJECT_VERSION = 1;
				DEVELOPMENT_ASSET_PATHS = "\"PetRescueApp/Preview Content\"";
				DEVELOPMENT_TEAM = 77VKG5JXX8;
				ENABLE_PREVIEWS = YES;
				GENERATE_INFOPLIST_FILE = YES;
				INFOPLIST_KEY_UIApplicationSceneManifest_Generation = YES;
				INFOPLIST_KEY_UIApplicationSupportsIndirectInputEvents = YES;
				INFOPLIST_KEY_UILaunchScreen_Generation = YES;
				INFOPLIST_KEY_UISupportedInterfaceOrientations_iPad = "UIInterfaceOrientationPortrait UIInterfaceOrientationPortraitUpsideDown UIInterfaceOrientationLandscapeLeft UIInterfaceOrientationLandscapeRight";
				INFOPLIST_KEY_UISupportedInterfaceOrientations_iPhone = "UIInterfaceOrientationPortrait UIInterfaceOrientationLandscapeLeft UIInterfaceOrientationLandscapeRight";
				IPHONEOS_DEPLOYMENT_TARGET = 14.0;
				LD_RUNPATH_SEARCH_PATHS = (
					"$(inherited)",
					"@executable_path/Frameworks",
				);
				MARKETING_VERSION = 1.0;
				PRODUCT_BUNDLE_IDENTIFIER = E.PetRescueApp;
				PRODUCT_NAME = "$(TARGET_NAME)";
				SWIFT_EMIT_LOC_STRINGS = YES;
				SWIFT_VERSION = 5.0;
				TARGETED_DEVICE_FAMILY = "1,2";
			};
			name = Release;
		};
/* End XCBuildConfiguration section */

/* Begin XCConfigurationList section */
		72CB7E64273B133700A10A0F /* Build configuration list for PBXProject "PetRescueApp" */ = {
			isa = XCConfigurationList;
			buildConfigurations = (
				72CB7E75273B133A00A10A0F /* Debug */,
				72CB7E76273B133A00A10A0F /* Release */,
			);
			defaultConfigurationIsVisible = 0;
			defaultConfigurationName = Release;
		};
		72CB7E77273B133A00A10A0F /* Build configuration list for PBXNativeTarget "PetRescueApp" */ = {
			isa = XCConfigurationList;
			buildConfigurations = (
				72CB7E78273B133A00A10A0F /* Debug */,
				72CB7E79273B133A00A10A0F /* Release */,
			);
			defaultConfigurationIsVisible = 0;
			defaultConfigurationName = Release;
		};
/* End XCConfigurationList section */
	};
	rootObject = 72CB7E61273B133700A10A0F /* Project object */;
}
